
Microsoft Visual Studio Solution File, Format Version 12.00
# Visual Studio Version 17
VisualStudioVersion = 17.0.31903.59
MinimumVisualStudioVersion = 10.0.40219.1
Project("{FAE04EC0-301F-11D3-BF4B-00C04F79EFBC}") = "CDC.Contract", "CDC.Contract\CDC.Contract.csproj", "{DE88EE92-181D-42A5-904F-B61834E5741A}"
EndProject
Project("{FAE04EC0-301F-11D3-BF4B-00C04F79EFBC}") = "TwitchChat.Domain", "TwitchChat.Domain\TwitchChat.Domain.csproj", "{704E363C-F2C8-4230-8783-AA2A182230C6}"
EndProject
Project("{FAE04EC0-301F-11D3-BF4B-00C04F79EFBC}") = "TwitchChat.Shared", "TwitchChat.Shared\TwitchChat.Shared.csproj", "{32AEF624-9196-4674-B0D9-2634D15C492C}"
EndProject
Project("{FAE04EC0-301F-11D3-BF4B-00C04F79EFBC}") = "TwitchChat.Infrastructure.Messaging", "TwitchChat.Infrastructure.Messaging\TwitchChat.Infrastructure.Messaging.csproj", "{40BE0DD0-1679-43C9-AE27-77313B27ABE9}"
EndProject
Project("{FAE04EC0-301F-11D3-BF4B-00C04F79EFBC}") = "TwitchChat.Infrastructure.Persistence", "TwitchChat.Infrastructure.Persistence\TwitchChat.Infrastructure.Persistence.csproj", "{9E258E9D-788A-4DC5-A400-BF9081F12FF7}"
EndProject
Project("{2150E333-8FDC-42A3-9474-1A3956D46DE8}") = "Tests", "Tests", "{8DEC5017-1AF7-4E62-9FF3-C800C0FD9A57}"
EndProject
Project("{FAE04EC0-301F-11D3-BF4B-00C04F79EFBC}") = "TwitchChat.Domain.UnitTests", "TwitchChat.Domain.UnitTests\TwitchChat.Domain.UnitTests.csproj", "{3FACC90E-3078-4952-84B6-B3CAA99A1083}"
EndProject
Project("{FAE04EC0-301F-11D3-BF4B-00C04F79EFBC}") = "TwitchChat.Application", "TwitchChat.Application\TwitchChat.Application.csproj", "{DAEBAFF6-DDAF-4855-9CD3-03B54622A504}"
EndProject
Project("{2150E333-8FDC-42A3-9474-1A3956D46DE8}") = "Solution Items", "Solution Items", "{4BEBC0C4-67FE-49EF-A56A-38C053D5DE15}"
	ProjectSection(SolutionItems) = preProject
		compose.yaml = compose.yaml
		nats-auth.conf = nats-auth.conf
	EndProjectSection
EndProject
Project("{FAE04EC0-301F-11D3-BF4B-00C04F79EFBC}") = "TwitchChat.Infrastructure.Messaging.IntegrationTests", "TwitchChat.Infrastructure.Messaging.IntegrationTests\TwitchChat.Infrastructure.Messaging.IntegrationTests.csproj", "{B897E5AB-11DE-4A5C-B6DA-6BD5192097E0}"
EndProject
Project("{FAE04EC0-301F-11D3-BF4B-00C04F79EFBC}") = "TwitchChat.Infrastructure.Persistence.IntegrationTests", "TwitchChat.Infrastructure.Persistence.IntegrationTests\TwitchChat.Infrastructure.Persistence.IntegrationTests.csproj", "{B5EECB08-9EA1-4882-AFB2-C324E4EBC7C0}"
EndProject
Project("{FAE04EC0-301F-11D3-BF4B-00C04F79EFBC}") = "TwitchChat.Migrations", "TwitchChat.Migrations\TwitchChat.Migrations.csproj", "{4856D240-3F44-4F3F-8C2F-FCEF99764844}"
EndProject
Global
	GlobalSection(SolutionConfigurationPlatforms) = preSolution
		Debug|Any CPU = Debug|Any CPU
		Release|Any CPU = Release|Any CPU
	EndGlobalSection
	GlobalSection(ProjectConfigurationPlatforms) = postSolution
		{DE88EE92-181D-42A5-904F-B61834E5741A}.Debug|Any CPU.ActiveCfg = Debug|Any CPU
		{DE88EE92-181D-42A5-904F-B61834E5741A}.Debug|Any CPU.Build.0 = Debug|Any CPU
		{DE88EE92-181D-42A5-904F-B61834E5741A}.Release|Any CPU.ActiveCfg = Release|Any CPU
		{DE88EE92-181D-42A5-904F-B61834E5741A}.Release|Any CPU.Build.0 = Release|Any CPU
		{704E363C-F2C8-4230-8783-AA2A182230C6}.Debug|Any CPU.ActiveCfg = Debug|Any CPU
		{704E363C-F2C8-4230-8783-AA2A182230C6}.Debug|Any CPU.Build.0 = Debug|Any CPU
		{704E363C-F2C8-4230-8783-AA2A182230C6}.Release|Any CPU.ActiveCfg = Release|Any CPU
		{704E363C-F2C8-4230-8783-AA2A182230C6}.Release|Any CPU.Build.0 = Release|Any CPU
		{32AEF624-9196-4674-B0D9-2634D15C492C}.Debug|Any CPU.ActiveCfg = Debug|Any CPU
		{32AEF624-9196-4674-B0D9-2634D15C492C}.Debug|Any CPU.Build.0 = Debug|Any CPU
		{32AEF624-9196-4674-B0D9-2634D15C492C}.Release|Any CPU.ActiveCfg = Release|Any CPU
		{32AEF624-9196-4674-B0D9-2634D15C492C}.Release|Any CPU.Build.0 = Release|Any CPU
		{40BE0DD0-1679-43C9-AE27-77313B27ABE9}.Debug|Any CPU.ActiveCfg = Debug|Any CPU
		{40BE0DD0-1679-43C9-AE27-77313B27ABE9}.Debug|Any CPU.Build.0 = Debug|Any CPU
		{40BE0DD0-1679-43C9-AE27-77313B27ABE9}.Release|Any CPU.ActiveCfg = Release|Any CPU
		{40BE0DD0-1679-43C9-AE27-77313B27ABE9}.Release|Any CPU.Build.0 = Release|Any CPU
		{9E258E9D-788A-4DC5-A400-BF9081F12FF7}.Debug|Any CPU.ActiveCfg = Debug|Any CPU
		{9E258E9D-788A-4DC5-A400-BF9081F12FF7}.Debug|Any CPU.Build.0 = Debug|Any CPU
		{9E258E9D-788A-4DC5-A400-BF9081F12FF7}.Release|Any CPU.ActiveCfg = Release|Any CPU
		{9E258E9D-788A-4DC5-A400-BF9081F12FF7}.Release|Any CPU.Build.0 = Release|Any CPU
		{3FACC90E-3078-4952-84B6-B3CAA99A1083}.Debug|Any CPU.ActiveCfg = Debug|Any CPU
		{3FACC90E-3078-4952-84B6-B3CAA99A1083}.Debug|Any CPU.Build.0 = Debug|Any CPU
		{3FACC90E-3078-4952-84B6-B3CAA99A1083}.Release|Any CPU.ActiveCfg = Release|Any CPU
		{3FACC90E-3078-4952-84B6-B3CAA99A1083}.Release|Any CPU.Build.0 = Release|Any CPU
		{DAEBAFF6-DDAF-4855-9CD3-03B54622A504}.Debug|Any CPU.ActiveCfg = Debug|Any CPU
		{DAEBAFF6-DDAF-4855-9CD3-03B54622A504}.Debug|Any CPU.Build.0 = Debug|Any CPU
		{DAEBAFF6-DDAF-4855-9CD3-03B54622A504}.Release|Any CPU.ActiveCfg = Release|Any CPU
		{DAEBAFF6-DDAF-4855-9CD3-03B54622A504}.Release|Any CPU.Build.0 = Release|Any CPU
		{B897E5AB-11DE-4A5C-B6DA-6BD5192097E0}.Debug|Any CPU.ActiveCfg = Debug|Any CPU
		{B897E5AB-11DE-4A5C-B6DA-6BD5192097E0}.Debug|Any CPU.Build.0 = Debug|Any CPU
		{B897E5AB-11DE-4A5C-B6DA-6BD5192097E0}.Release|Any CPU.ActiveCfg = Release|Any CPU
		{B897E5AB-11DE-4A5C-B6DA-6BD5192097E0}.Release|Any CPU.Build.0 = Release|Any CPU
		{B5EECB08-9EA1-4882-AFB2-C324E4EBC7C0}.Debug|Any CPU.ActiveCfg = Debug|Any CPU
		{B5EECB08-9EA1-4882-AFB2-C324E4EBC7C0}.Debug|Any CPU.Build.0 = Debug|Any CPU
		{B5EECB08-9EA1-4882-AFB2-C324E4EBC7C0}.Release|Any CPU.ActiveCfg = Release|Any CPU
		{B5EECB08-9EA1-4882-AFB2-C324E4EBC7C0}.Release|Any CPU.Build.0 = Release|Any CPU
		{4856D240-3F44-4F3F-8C2F-FCEF99764844}.Debug|Any CPU.ActiveCfg = Debug|Any CPU
		{4856D240-3F44-4F3F-8C2F-FCEF99764844}.Debug|Any CPU.Build.0 = Debug|Any CPU
		{4856D240-3F44-4F3F-8C2F-FCEF99764844}.Release|Any CPU.ActiveCfg = Release|Any CPU
		{4856D240-3F44-4F3F-8C2F-FCEF99764844}.Release|Any CPU.Build.0 = Release|Any CPU
	EndGlobalSection
	GlobalSection(SolutionProperties) = preSolution
		HideSolutionNode = FALSE
	EndGlobalSection
	GlobalSection(NestedProjects) = preSolution
		{3FACC90E-3078-4952-84B6-B3CAA99A1083} = {8DEC5017-1AF7-4E62-9FF3-C800C0FD9A57}
		{B897E5AB-11DE-4A5C-B6DA-6BD5192097E0} = {8DEC5017-1AF7-4E62-9FF3-C800C0FD9A57}
		{B5EECB08-9EA1-4882-AFB2-C324E4EBC7C0} = {8DEC5017-1AF7-4E62-9FF3-C800C0FD9A57}
	EndGlobalSection
EndGlobal
